<?xml version="1.0" encoding="utf-8"?>
<Project ToolsVersion="4.0" xmlns="http://schemas.microsoft.com/developer/msbuild/2003">
  <ItemGroup>
    <Filter Include="소스 파일">
      <UniqueIdentifier>{4FC737F1-C7A5-4376-A066-2A32D752A2FF}</UniqueIdentifier>
      <Extensions>cpp;c;cc;cxx;c++;cppm;ixx;def;odl;idl;hpj;bat;asm;asmx</Extensions>
    </Filter>
    <Filter Include="헤더 파일">
      <UniqueIdentifier>{93995380-89BD-4b04-88EB-625FBE52EBFB}</UniqueIdentifier>
      <Extensions>h;hh;hpp;hxx;h++;hm;inl;inc;ipp;xsd</Extensions>
    </Filter>
    <Filter Include="리소스 파일">
      <UniqueIdentifier>{67DA6AB6-F800-4c08-8B7A-83BB121AAD01}</UniqueIdentifier>
      <Extensions>rc;ico;cur;bmp;dlg;rc2;rct;bin;rgs;gif;jpg;jpeg;jpe;resx;tiff;tif;png;wav;mfcribbon-ms</Extensions>
    </Filter>
    <Filter Include="소스 파일\imgui">
      <UniqueIdentifier>{c538ac3c-1713-4b2f-b141-3429e6a6ee5b}</UniqueIdentifier>
    </Filter>
    <Filter Include="헤더 파일\imgui">
      <UniqueIdentifier>{1ebd6eaa-2cbc-4f2e-8bc1-e0fd537c9687}</UniqueIdentifier>
    </Filter>
    <Filter Include="헤더 파일\imguizmo">
      <UniqueIdentifier>{e9cb1d58-06e3-42c1-8bea-6c7edf0cbd19}</UniqueIdentifier>
    </Filter>
    <Filter Include="소스 파일\imguizmo">
      <UniqueIdentifier>{242fc96e-0e76-4507-b218-f9623976e880}</UniqueIdentifier>
    </Filter>
  </ItemGroup>
  <ItemGroup>
    <None Include="vertex.glsl">
      <Filter>소스 파일</Filter>
    </None>
    <None Include="fragment.glsl">
      <Filter>소스 파일</Filter>
    </None>
  </ItemGroup>
  <ItemGroup>
    <ClCompile Include="main.cpp">
      <Filter>소스 파일</Filter>
    </ClCompile>
    <ClCompile Include="include\imgui\imgui.cpp">
      <Filter>소스 파일\imgui</Filter>
    </ClCompile>
    <ClCompile Include="include\imgui\imgui_demo.cpp">
      <Filter>소스 파일\imgui</Filter>
    </ClCompile>
    <ClCompile Include="include\imgui\imgui_draw.cpp">
      <Filter>소스 파일\imgui</Filter>
    </ClCompile>
    <ClCompile Include="include\imgui\imgui_impl_glfw.cpp">
      <Filter>소스 파일\imgui</Filter>
    </ClCompile>
    <ClCompile Include="include\imgui\imgui_impl_opengl3.cpp">
      <Filter>소스 파일\imgui</Filter>
    </ClCompile>
    <ClCompile Include="include\imgui\imgui_tables.cpp">
      <Filter>소스 파일\imgui</Filter>
    </ClCompile>
    <ClCompile Include="include\imgui\imgui_widgets.cpp">
      <Filter>소스 파일\imgui</Filter>
    </ClCompile>
    <ClCompile Include="include\imguizmo\GraphEditor.cpp">
      <Filter>소스 파일\imguizmo</Filter>
    </ClCompile>
    <ClCompile Include="include\imguizmo\ImCurveEdit.cpp">
      <Filter>소스 파일\imguizmo</Filter>
    </ClCompile>
    <ClCompile Include="include\imguizmo\ImGradient.cpp">
      <Filter>소스 파일\imguizmo</Filter>
    </ClCompile>
    <ClCompile Include="include\imguizmo\ImGuizmo.cpp">
      <Filter>소스 파일\imguizmo</Filter>
    </ClCompile>
    <ClCompile Include="include\imguizmo\ImSequencer.cpp">
      <Filter>소스 파일\imguizmo</Filter>
    </ClCompile>
    <ClCompile Include="HeightMap.cpp">
      <Filter>소스 파일</Filter>
    </ClCompile>
    <ClCompile Include="ShaderManager.cpp">
      <Filter>소스 파일</Filter>
    </ClCompile>
    <ClCompile Include="BufferManager.cpp">
      <Filter>소스 파일</Filter>
    </ClCompile>
    <ClCompile Include="Mesh.cpp">
      <Filter>소스 파일</Filter>
    </ClCompile>
    <ClCompile Include="RenderManager.cpp">
      <Filter>소스 파일</Filter>
    </ClCompile>
    <ClCompile Include="B_Spline.cpp">
      <Filter>소스 파일</Filter>
    </ClCompile>
  </ItemGroup>
  <ItemGroup>
    <ClInclude Include="base.h">
      <Filter>헤더 파일</Filter>
    </ClInclude>
    <ClInclude Include="include\imgui\imconfig.h">
      <Filter>헤더 파일\imgui</Filter>
    </ClInclude>
    <ClInclude Include="include\imgui\imgui.h">
      <Filter>헤더 파일\imgui</Filter>
    </ClInclude>
    <ClInclude Include="include\imgui\imgui_impl_glfw.h">
      <Filter>헤더 파일\imgui</Filter>
    </ClInclude>
    <ClInclude Include="include\imgui\imgui_impl_opengl3.h">
      <Filter>헤더 파일\imgui</Filter>
    </ClInclude>
    <ClInclude Include="include\imgui\imgui_impl_opengl3_loader.h">
      <Filter>헤더 파일\imgui</Filter>
    </ClInclude>
    <ClInclude Include="include\imgui\imgui_internal.h">
      <Filter>헤더 파일\imgui</Filter>
    </ClInclude>
    <ClInclude Include="include\imgui\imstb_rectpack.h">
      <Filter>헤더 파일\imgui</Filter>
    </ClInclude>
    <ClInclude Include="include\imgui\imstb_textedit.h">
      <Filter>헤더 파일\imgui</Filter>
    </ClInclude>
    <ClInclude Include="include\imgui\imstb_truetype.h">
      <Filter>헤더 파일\imgui</Filter>
    </ClInclude>
    <ClInclude Include="include\imguizmo\GraphEditor.h">
      <Filter>헤더 파일\imguizmo</Filter>
    </ClInclude>
    <ClInclude Include="include\imguizmo\ImCurveEdit.h">
      <Filter>헤더 파일\imguizmo</Filter>
    </ClInclude>
    <ClInclude Include="include\imguizmo\ImGradient.h">
      <Filter>헤더 파일\imguizmo</Filter>
    </ClInclude>
    <ClInclude Include="include\imguizmo\ImGuizmo.h">
      <Filter>헤더 파일\imguizmo</Filter>
    </ClInclude>
    <ClInclude Include="include\imguizmo\ImSequencer.h">
      <Filter>헤더 파일\imguizmo</Filter>
    </ClInclude>
    <ClInclude Include="include\imguizmo\ImZoomSlider.h">
      <Filter>헤더 파일\imguizmo</Filter>
    </ClInclude>
    <ClInclude Include="HeightMap.h">
      <Filter>헤더 파일</Filter>
    </ClInclude>
    <ClInclude Include="ShaderManager.h">
      <Filter>헤더 파일</Filter>
    </ClInclude>
    <ClInclude Include="BufferManager.h">
      <Filter>헤더 파일</Filter>
    </ClInclude>
    <ClInclude Include="Mesh.h">
      <Filter>헤더 파일</Filter>
    </ClInclude>
    <ClInclude Include="RenderManager.h">
      <Filter>헤더 파일</Filter>
    </ClInclude>
    <ClInclude Include="B_Spline.h">
      <Filter>헤더 파일</Filter>
    </ClInclude>
  </ItemGroup>
</Project>